
Microsoft Visual Studio Solution File, Format Version 12.00
# Visual Studio Version 17
VisualStudioVersion = 17.1.32228.430
MinimumVisualStudioVersion = 10.0.40219.1
Project("{8BC9CEB8-8B4A-11D0-8D11-00A0C91BC942}") = "CW 8 Miles per gallon to kilometers per liter", "CW 8 Miles per gallon to kilometers per liter\CW 8 Miles per gallon to kilometers per liter.vcxproj", "{C01157B4-4398-44A9-8C1E-71368C68435D}"
EndProject
Global
	GlobalSection(SolutionConfigurationPlatforms) = preSolution
		Debug|x64 = Debug|x64
		Debug|x86 = Debug|x86
		Release|x64 = Release|x64
		Release|x86 = Release|x86
	EndGlobalSection
	GlobalSection(ProjectConfigurationPlatforms) = postSolution
		{C01157B4-4398-44A9-8C1E-71368C68435D}.Debug|x64.ActiveCfg = Debug|x64
		{C01157B4-4398-44A9-8C1E-71368C68435D}.Debug|x64.Build.0 = Debug|x64
		{C01157B4-4398-44A9-8C1E-71368C68435D}.Debug|x86.ActiveCfg = Debug|Win32
		{C01157B4-4398-44A9-8C1E-71368C68435D}.Debug|x86.Build.0 = Debug|Win32
		{C01157B4-4398-44A9-8C1E-71368C68435D}.Release|x64.ActiveCfg = Release|x64
		{C01157B4-4398-44A9-8C1E-71368C68435D}.Release|x64.Build.0 = Release|x64
		{C01157B4-4398-44A9-8C1E-71368C68435D}.Release|x86.ActiveCfg = Release|Win32
		{C01157B4-4398-44A9-8C1E-71368C68435D}.Release|x86.Build.0 = Release|Win32
	EndGlobalSection
	GlobalSection(SolutionProperties) = preSolution
		HideSolutionNode = FALSE
	EndGlobalSection
	GlobalSection(ExtensibilityGlobals) = postSolution
		SolutionGuid = {2687A10A-A293-4A76-8BCA-72150BB09C86}
	EndGlobalSection
EndGlobal
